
Microsoft Visual Studio Solution File, Format Version 12.00
# Visual Studio Version 17
VisualStudioVersion = 17.7.34003.232
MinimumVisualStudioVersion = 10.0.40219.1
Project("{FAE04EC0-301F-11D3-BF4B-00C04F79EFBC}") = "Bunject", "Bunject\Bunject.csproj", "{2CDF8A36-D56D-43FC-A1A4-2E64AC6B8D90}"
EndProject
Project("{FAE04EC0-301F-11D3-BF4B-00C04F79EFBC}") = "SaveFileCleanup", "SaveFileCleanup\SaveFileCleanup.csproj", "{6B731D4E-5683-4DD6-BBCA-B35D67097EEA}"
EndProject
Project("{FAE04EC0-301F-11D3-BF4B-00C04F79EFBC}") = "BunjectNewYardSystem", "BunjectNewYardSystem\BunjectNewYardSystem.csproj", "{72607052-293C-42FA-B044-AED2841C5102}"
EndProject
Project("{FAE04EC0-301F-11D3-BF4B-00C04F79EFBC}") = "BunjectExtractor", "BunjectExtractor\BunjectExtractor.csproj", "{D5CA964C-FCB6-499B-831D-2C7C50792310}"
EndProject
Global
	GlobalSection(SolutionConfigurationPlatforms) = preSolution
		Debug|Any CPU = Debug|Any CPU
		Release|Any CPU = Release|Any CPU
	EndGlobalSection
	GlobalSection(ProjectConfigurationPlatforms) = postSolution
		{2CDF8A36-D56D-43FC-A1A4-2E64AC6B8D90}.Debug|Any CPU.ActiveCfg = Debug|Any CPU
		{2CDF8A36-D56D-43FC-A1A4-2E64AC6B8D90}.Debug|Any CPU.Build.0 = Debug|Any CPU
		{2CDF8A36-D56D-43FC-A1A4-2E64AC6B8D90}.Release|Any CPU.ActiveCfg = Release|Any CPU
		{2CDF8A36-D56D-43FC-A1A4-2E64AC6B8D90}.Release|Any CPU.Build.0 = Release|Any CPU
		{6B731D4E-5683-4DD6-BBCA-B35D67097EEA}.Debug|Any CPU.ActiveCfg = Debug|Any CPU
		{6B731D4E-5683-4DD6-BBCA-B35D67097EEA}.Debug|Any CPU.Build.0 = Debug|Any CPU
		{6B731D4E-5683-4DD6-BBCA-B35D67097EEA}.Release|Any CPU.ActiveCfg = Release|Any CPU
		{6B731D4E-5683-4DD6-BBCA-B35D67097EEA}.Release|Any CPU.Build.0 = Release|Any CPU
		{72607052-293C-42FA-B044-AED2841C5102}.Debug|Any CPU.ActiveCfg = Debug|Any CPU
		{72607052-293C-42FA-B044-AED2841C5102}.Debug|Any CPU.Build.0 = Debug|Any CPU
		{72607052-293C-42FA-B044-AED2841C5102}.Release|Any CPU.ActiveCfg = Release|Any CPU
		{72607052-293C-42FA-B044-AED2841C5102}.Release|Any CPU.Build.0 = Release|Any CPU
		{D5CA964C-FCB6-499B-831D-2C7C50792310}.Debug|Any CPU.ActiveCfg = Debug|Any CPU
		{D5CA964C-FCB6-499B-831D-2C7C50792310}.Debug|Any CPU.Build.0 = Debug|Any CPU
		{D5CA964C-FCB6-499B-831D-2C7C50792310}.Release|Any CPU.ActiveCfg = Release|Any CPU
		{D5CA964C-FCB6-499B-831D-2C7C50792310}.Release|Any CPU.Build.0 = Release|Any CPU
	EndGlobalSection
	GlobalSection(SolutionProperties) = preSolution
		HideSolutionNode = FALSE
	EndGlobalSection
	GlobalSection(ExtensibilityGlobals) = postSolution
		SolutionGuid = {5D22E7BE-52B6-49E7-B1EF-37B05064AC5E}
	EndGlobalSection
EndGlobal
